
Microsoft Visual Studio Solution File, Format Version 12.00
# Visual Studio Version 17
VisualStudioVersion = 17.3.32819.101
MinimumVisualStudioVersion = 10.0.40219.1
Project("{FAE04EC0-301F-11D3-BF4B-00C04F79EFBC}") = "To-do-list", "To-do-list\To-do-list.csproj", "{B5EB6504-99EA-4336-9C0E-ACCDF916120F}"
EndProject
Global
	GlobalSection(SolutionConfigurationPlatforms) = preSolution
		Debug|Any CPU = Debug|Any CPU
		Release|Any CPU = Release|Any CPU
	EndGlobalSection
	GlobalSection(ProjectConfigurationPlatforms) = postSolution
		{B5EB6504-99EA-4336-9C0E-ACCDF916120F}.Debug|Any CPU.ActiveCfg = Debug|Any CPU
		{B5EB6504-99EA-4336-9C0E-ACCDF916120F}.Debug|Any CPU.Build.0 = Debug|Any CPU
		{B5EB6504-99EA-4336-9C0E-ACCDF916120F}.Release|Any CPU.ActiveCfg = Release|Any CPU
		{B5EB6504-99EA-4336-9C0E-ACCDF916120F}.Release|Any CPU.Build.0 = Release|Any CPU
	EndGlobalSection
	GlobalSection(SolutionProperties) = preSolution
		HideSolutionNode = FALSE
	EndGlobalSection
	GlobalSection(ExtensibilityGlobals) = postSolution
		SolutionGuid = {BAC825A1-F879-46E6-A163-42F1FD73F4C2}
	EndGlobalSection
EndGlobal
